
Microsoft Visual Studio Solution File, Format Version 12.00
# Visual Studio Version 17
VisualStudioVersion = 17.0.31903.59
MinimumVisualStudioVersion = 10.0.40219.1
Project("{9A19103F-16F7-4668-BE54-9A1E7A4F7556}") = "shop-app.api", "shop-app.api\shop-app.api.csproj", "{CF143E4F-AE7C-4684-8F67-37DD396CA3BA}"
EndProject
Project("{9A19103F-16F7-4668-BE54-9A1E7A4F7556}") = "shop-app.data", "shop-app.data\shop-app.data.csproj", "{047A689C-0930-4794-93F5-F03A9B19717A}"
EndProject
Project("{9A19103F-16F7-4668-BE54-9A1E7A4F7556}") = "shop-app.business", "shop-app.business\shop-app.business.csproj", "{1605FDC9-38FA-4D94-93D3-DF64A2A168A4}"
EndProject
Project("{9A19103F-16F7-4668-BE54-9A1E7A4F7556}") = "shop-app.entity", "shop-app.entity\shop-app.entity.csproj", "{59E4A516-1CF4-489D-BD0E-7767A337F0EC}"
EndProject
Global
	GlobalSection(SolutionConfigurationPlatforms) = preSolution
		Debug|Any CPU = Debug|Any CPU
		Release|Any CPU = Release|Any CPU
	EndGlobalSection
	GlobalSection(ProjectConfigurationPlatforms) = postSolution
		{CF143E4F-AE7C-4684-8F67-37DD396CA3BA}.Debug|Any CPU.ActiveCfg = Debug|Any CPU
		{CF143E4F-AE7C-4684-8F67-37DD396CA3BA}.Debug|Any CPU.Build.0 = Debug|Any CPU
		{CF143E4F-AE7C-4684-8F67-37DD396CA3BA}.Release|Any CPU.ActiveCfg = Release|Any CPU
		{CF143E4F-AE7C-4684-8F67-37DD396CA3BA}.Release|Any CPU.Build.0 = Release|Any CPU
		{047A689C-0930-4794-93F5-F03A9B19717A}.Debug|Any CPU.ActiveCfg = Debug|Any CPU
		{047A689C-0930-4794-93F5-F03A9B19717A}.Debug|Any CPU.Build.0 = Debug|Any CPU
		{047A689C-0930-4794-93F5-F03A9B19717A}.Release|Any CPU.ActiveCfg = Release|Any CPU
		{047A689C-0930-4794-93F5-F03A9B19717A}.Release|Any CPU.Build.0 = Release|Any CPU
		{1605FDC9-38FA-4D94-93D3-DF64A2A168A4}.Debug|Any CPU.ActiveCfg = Debug|Any CPU
		{1605FDC9-38FA-4D94-93D3-DF64A2A168A4}.Debug|Any CPU.Build.0 = Debug|Any CPU
		{1605FDC9-38FA-4D94-93D3-DF64A2A168A4}.Release|Any CPU.ActiveCfg = Release|Any CPU
		{1605FDC9-38FA-4D94-93D3-DF64A2A168A4}.Release|Any CPU.Build.0 = Release|Any CPU
		{59E4A516-1CF4-489D-BD0E-7767A337F0EC}.Debug|Any CPU.ActiveCfg = Debug|Any CPU
		{59E4A516-1CF4-489D-BD0E-7767A337F0EC}.Debug|Any CPU.Build.0 = Debug|Any CPU
		{59E4A516-1CF4-489D-BD0E-7767A337F0EC}.Release|Any CPU.ActiveCfg = Release|Any CPU
		{59E4A516-1CF4-489D-BD0E-7767A337F0EC}.Release|Any CPU.Build.0 = Release|Any CPU
	EndGlobalSection
	GlobalSection(SolutionProperties) = preSolution
		HideSolutionNode = FALSE
	EndGlobalSection
	GlobalSection(ExtensibilityGlobals) = postSolution
		SolutionGuid = {0E835C17-C981-4F75-A41E-45179C688B8E}
	EndGlobalSection
EndGlobal
